
Microsoft Visual Studio Solution File, Format Version 9.00
# Visual Studio 2005
Project("{F184B08F-C81C-45F6-A57F-5ABD9991F28F}") = "Terminals", "Terminals\Terminals.vbproj", "{BA7FE198-0276-4B42-8052-15B51563FDA5}"
EndProject
Project("{2150E333-8FDC-42A3-9474-1A3956D46DE8}") = "Solution Items", "Solution Items", "{1A569B20-1164-45E9-889A-90BFC03F95D4}"
	ProjectSection(SolutionItems) = preProject
		Bugs.txt = Bugs.txt
	EndProjectSection
EndProject
Global
	GlobalSection(SolutionConfigurationPlatforms) = preSolution
		Debug|Any CPU = Debug|Any CPU
		Release|Any CPU = Release|Any CPU
	EndGlobalSection
	GlobalSection(ProjectConfigurationPlatforms) = postSolution
		{BA7FE198-0276-4B42-8052-15B51563FDA5}.Debug|Any CPU.ActiveCfg = Debug|Any CPU
		{BA7FE198-0276-4B42-8052-15B51563FDA5}.Debug|Any CPU.Build.0 = Debug|Any CPU
		{BA7FE198-0276-4B42-8052-15B51563FDA5}.Release|Any CPU.ActiveCfg = Release|Any CPU
		{BA7FE198-0276-4B42-8052-15B51563FDA5}.Release|Any CPU.Build.0 = Release|Any CPU
	EndGlobalSection
	GlobalSection(SolutionProperties) = preSolution
		HideSolutionNode = FALSE
	EndGlobalSection
EndGlobal
