
Microsoft Visual Studio Solution File, Format Version 9.00
# Visual Studio 2005
Project("{F184B08F-C81C-45F6-A57F-5ABD9991F28F}") = "NetCheck", "NetCheck\NetCheck.vbproj", "{EB58B1F4-DF19-43FF-B338-E4A6C6117E9C}"
EndProject
Project("{F184B08F-C81C-45F6-A57F-5ABD9991F28F}") = "AutoPing", "AutoPing\AutoPing.vbproj", "{4BE192AB-67FA-4891-AB5D-C99A01621B66}"
EndProject
Global
	GlobalSection(SolutionConfigurationPlatforms) = preSolution
		Debug|Any CPU = Debug|Any CPU
		Release|Any CPU = Release|Any CPU
	EndGlobalSection
	GlobalSection(ProjectConfigurationPlatforms) = postSolution
		{EB58B1F4-DF19-43FF-B338-E4A6C6117E9C}.Debug|Any CPU.ActiveCfg = Debug|Any CPU
		{EB58B1F4-DF19-43FF-B338-E4A6C6117E9C}.Debug|Any CPU.Build.0 = Debug|Any CPU
		{EB58B1F4-DF19-43FF-B338-E4A6C6117E9C}.Release|Any CPU.ActiveCfg = Release|Any CPU
		{EB58B1F4-DF19-43FF-B338-E4A6C6117E9C}.Release|Any CPU.Build.0 = Release|Any CPU
		{4BE192AB-67FA-4891-AB5D-C99A01621B66}.Debug|Any CPU.ActiveCfg = Debug|Any CPU
		{4BE192AB-67FA-4891-AB5D-C99A01621B66}.Debug|Any CPU.Build.0 = Debug|Any CPU
		{4BE192AB-67FA-4891-AB5D-C99A01621B66}.Release|Any CPU.ActiveCfg = Release|Any CPU
		{4BE192AB-67FA-4891-AB5D-C99A01621B66}.Release|Any CPU.Build.0 = Release|Any CPU
	EndGlobalSection
	GlobalSection(SolutionProperties) = preSolution
		HideSolutionNode = FALSE
	EndGlobalSection
EndGlobal
